
Microsoft Visual Studio Solution File, Format Version 12.00
# Visual Studio Version 16
VisualStudioVersion = 16.0.29503.13
MinimumVisualStudioVersion = 10.0.40219.1
Project("{FAE04EC0-301F-11D3-BF4B-00C04F79EFBC}") = "BaDeHo", "BaDeHo.csproj", "{94504C4C-BFFF-4207-9549-7A9245FA60B9}"
EndProject
Global
	GlobalSection(SolutionConfigurationPlatforms) = preSolution
		Debug|Any CPU = Debug|Any CPU
		Release|Any CPU = Release|Any CPU
	EndGlobalSection
	GlobalSection(ProjectConfigurationPlatforms) = postSolution
		{94504C4C-BFFF-4207-9549-7A9245FA60B9}.Debug|Any CPU.ActiveCfg = Debug|Any CPU
		{94504C4C-BFFF-4207-9549-7A9245FA60B9}.Debug|Any CPU.Build.0 = Debug|Any CPU
		{94504C4C-BFFF-4207-9549-7A9245FA60B9}.Release|Any CPU.ActiveCfg = Release|Any CPU
		{94504C4C-BFFF-4207-9549-7A9245FA60B9}.Release|Any CPU.Build.0 = Release|Any CPU
	EndGlobalSection
	GlobalSection(SolutionProperties) = preSolution
		HideSolutionNode = FALSE
	EndGlobalSection
	GlobalSection(ExtensibilityGlobals) = postSolution
		SolutionGuid = {18803A89-B34F-4EB8-823F-AF4F736798B0}
	EndGlobalSection
EndGlobal
